
Microsoft Visual Studio Solution File, Format Version 12.00
# Visual Studio Version 16
VisualStudioVersion = 16.0.30011.22
MinimumVisualStudioVersion = 10.0.40219.1
Project("{8BC9CEB8-8B4A-11D0-8D11-00A0C91BC942}") = "Chapter 4 Direct3D Initialization", "Chapter 4 Direct3D Initialization\Chapter 4 Direct3D Initialization.vcxproj", "{1F6B0417-6B61-4972-8DC9-0CC5AE18264E}"
EndProject
Project("{8BC9CEB8-8B4A-11D0-8D11-00A0C91BC942}") = "Chapter 6 Drawing in Direct3D", "Chapter 6 Drawing in Direct3D\Chapter 6 Drawing in Direct3D.vcxproj", "{E093AE2C-2E85-4833-8292-6EC26BF57F5C}"
EndProject
Project("{8BC9CEB8-8B4A-11D0-8D11-00A0C91BC942}") = "Chapter 7 Drawing in Direct3D", "Chapter 7 Drawing in Direct3D\Chapter 7 Drawing in Direct3D.vcxproj", "{F8875E59-ED97-49BE-8CE1-63C87CCB8E80}"
EndProject
Project("{8BC9CEB8-8B4A-11D0-8D11-00A0C91BC942}") = "Chapter 8 Lighting", "Chapter 8 Lighting\Chapter 8 Lighting.vcxproj", "{83A5799B-2CF4-455A-96AB-C5DB88999809}"
EndProject
Project("{8BC9CEB8-8B4A-11D0-8D11-00A0C91BC942}") = "Chapter 9 Texturing", "Chapter 9 Texturing\Chapter 9 Texturing.vcxproj", "{DC94DA00-F1DF-49AA-A686-54077D5638B8}"
EndProject
Project("{8BC9CEB8-8B4A-11D0-8D11-00A0C91BC942}") = "Chapter 10 Blending", "Chapter 10 Blending\Chapter 10 Blending.vcxproj", "{68E59FCA-D9FF-49D1-B1E8-EADCA41BCB65}"
EndProject
Project("{8BC9CEB8-8B4A-11D0-8D11-00A0C91BC942}") = "Chapter 11 Stenciling", "Chapter 11 Stenciling\Chapter 11 Stenciling.vcxproj", "{473F7D66-0F75-4599-AD0B-A56C1D0C7660}"
EndProject
Project("{8BC9CEB8-8B4A-11D0-8D11-00A0C91BC942}") = "Chapter 13 The Compute Shader", "Chapter 13 The Compute Shader\Chapter 13 The Compute Shader.vcxproj", "{08E58512-AB6C-4DD3-B662-A6B0FCAC190B}"
EndProject
Global
	GlobalSection(SolutionConfigurationPlatforms) = preSolution
		Debug|x64 = Debug|x64
		Debug|x86 = Debug|x86
		Release|x64 = Release|x64
		Release|x86 = Release|x86
	EndGlobalSection
	GlobalSection(ProjectConfigurationPlatforms) = postSolution
		{1F6B0417-6B61-4972-8DC9-0CC5AE18264E}.Debug|x64.ActiveCfg = Debug|x64
		{1F6B0417-6B61-4972-8DC9-0CC5AE18264E}.Debug|x64.Build.0 = Debug|x64
		{1F6B0417-6B61-4972-8DC9-0CC5AE18264E}.Debug|x86.ActiveCfg = Debug|Win32
		{1F6B0417-6B61-4972-8DC9-0CC5AE18264E}.Debug|x86.Build.0 = Debug|Win32
		{1F6B0417-6B61-4972-8DC9-0CC5AE18264E}.Release|x64.ActiveCfg = Release|x64
		{1F6B0417-6B61-4972-8DC9-0CC5AE18264E}.Release|x64.Build.0 = Release|x64
		{1F6B0417-6B61-4972-8DC9-0CC5AE18264E}.Release|x86.ActiveCfg = Release|Win32
		{1F6B0417-6B61-4972-8DC9-0CC5AE18264E}.Release|x86.Build.0 = Release|Win32
		{E093AE2C-2E85-4833-8292-6EC26BF57F5C}.Debug|x64.ActiveCfg = Debug|x64
		{E093AE2C-2E85-4833-8292-6EC26BF57F5C}.Debug|x64.Build.0 = Debug|x64
		{E093AE2C-2E85-4833-8292-6EC26BF57F5C}.Debug|x86.ActiveCfg = Debug|Win32
		{E093AE2C-2E85-4833-8292-6EC26BF57F5C}.Debug|x86.Build.0 = Debug|Win32
		{E093AE2C-2E85-4833-8292-6EC26BF57F5C}.Release|x64.ActiveCfg = Release|x64
		{E093AE2C-2E85-4833-8292-6EC26BF57F5C}.Release|x64.Build.0 = Release|x64
		{E093AE2C-2E85-4833-8292-6EC26BF57F5C}.Release|x86.ActiveCfg = Release|Win32
		{E093AE2C-2E85-4833-8292-6EC26BF57F5C}.Release|x86.Build.0 = Release|Win32
		{F8875E59-ED97-49BE-8CE1-63C87CCB8E80}.Debug|x64.ActiveCfg = Debug|x64
		{F8875E59-ED97-49BE-8CE1-63C87CCB8E80}.Debug|x64.Build.0 = Debug|x64
		{F8875E59-ED97-49BE-8CE1-63C87CCB8E80}.Debug|x86.ActiveCfg = Debug|Win32
		{F8875E59-ED97-49BE-8CE1-63C87CCB8E80}.Debug|x86.Build.0 = Debug|Win32
		{F8875E59-ED97-49BE-8CE1-63C87CCB8E80}.Release|x64.ActiveCfg = Release|x64
		{F8875E59-ED97-49BE-8CE1-63C87CCB8E80}.Release|x64.Build.0 = Release|x64
		{F8875E59-ED97-49BE-8CE1-63C87CCB8E80}.Release|x86.ActiveCfg = Release|Win32
		{F8875E59-ED97-49BE-8CE1-63C87CCB8E80}.Release|x86.Build.0 = Release|Win32
		{83A5799B-2CF4-455A-96AB-C5DB88999809}.Debug|x64.ActiveCfg = Debug|x64
		{83A5799B-2CF4-455A-96AB-C5DB88999809}.Debug|x64.Build.0 = Debug|x64
		{83A5799B-2CF4-455A-96AB-C5DB88999809}.Debug|x86.ActiveCfg = Debug|Win32
		{83A5799B-2CF4-455A-96AB-C5DB88999809}.Debug|x86.Build.0 = Debug|Win32
		{83A5799B-2CF4-455A-96AB-C5DB88999809}.Release|x64.ActiveCfg = Release|x64
		{83A5799B-2CF4-455A-96AB-C5DB88999809}.Release|x64.Build.0 = Release|x64
		{83A5799B-2CF4-455A-96AB-C5DB88999809}.Release|x86.ActiveCfg = Release|Win32
		{83A5799B-2CF4-455A-96AB-C5DB88999809}.Release|x86.Build.0 = Release|Win32
		{DC94DA00-F1DF-49AA-A686-54077D5638B8}.Debug|x64.ActiveCfg = Debug|x64
		{DC94DA00-F1DF-49AA-A686-54077D5638B8}.Debug|x64.Build.0 = Debug|x64
		{DC94DA00-F1DF-49AA-A686-54077D5638B8}.Debug|x86.ActiveCfg = Debug|Win32
		{DC94DA00-F1DF-49AA-A686-54077D5638B8}.Debug|x86.Build.0 = Debug|Win32
		{DC94DA00-F1DF-49AA-A686-54077D5638B8}.Release|x64.ActiveCfg = Release|x64
		{DC94DA00-F1DF-49AA-A686-54077D5638B8}.Release|x64.Build.0 = Release|x64
		{DC94DA00-F1DF-49AA-A686-54077D5638B8}.Release|x86.ActiveCfg = Release|Win32
		{DC94DA00-F1DF-49AA-A686-54077D5638B8}.Release|x86.Build.0 = Release|Win32
		{68E59FCA-D9FF-49D1-B1E8-EADCA41BCB65}.Debug|x64.ActiveCfg = Debug|x64
		{68E59FCA-D9FF-49D1-B1E8-EADCA41BCB65}.Debug|x64.Build.0 = Debug|x64
		{68E59FCA-D9FF-49D1-B1E8-EADCA41BCB65}.Debug|x86.ActiveCfg = Debug|Win32
		{68E59FCA-D9FF-49D1-B1E8-EADCA41BCB65}.Debug|x86.Build.0 = Debug|Win32
		{68E59FCA-D9FF-49D1-B1E8-EADCA41BCB65}.Release|x64.ActiveCfg = Release|x64
		{68E59FCA-D9FF-49D1-B1E8-EADCA41BCB65}.Release|x64.Build.0 = Release|x64
		{68E59FCA-D9FF-49D1-B1E8-EADCA41BCB65}.Release|x86.ActiveCfg = Release|Win32
		{68E59FCA-D9FF-49D1-B1E8-EADCA41BCB65}.Release|x86.Build.0 = Release|Win32
		{473F7D66-0F75-4599-AD0B-A56C1D0C7660}.Debug|x64.ActiveCfg = Debug|x64
		{473F7D66-0F75-4599-AD0B-A56C1D0C7660}.Debug|x64.Build.0 = Debug|x64
		{473F7D66-0F75-4599-AD0B-A56C1D0C7660}.Debug|x86.ActiveCfg = Debug|Win32
		{473F7D66-0F75-4599-AD0B-A56C1D0C7660}.Debug|x86.Build.0 = Debug|Win32
		{473F7D66-0F75-4599-AD0B-A56C1D0C7660}.Release|x64.ActiveCfg = Release|x64
		{473F7D66-0F75-4599-AD0B-A56C1D0C7660}.Release|x64.Build.0 = Release|x64
		{473F7D66-0F75-4599-AD0B-A56C1D0C7660}.Release|x86.ActiveCfg = Release|Win32
		{473F7D66-0F75-4599-AD0B-A56C1D0C7660}.Release|x86.Build.0 = Release|Win32
		{08E58512-AB6C-4DD3-B662-A6B0FCAC190B}.Debug|x64.ActiveCfg = Debug|x64
		{08E58512-AB6C-4DD3-B662-A6B0FCAC190B}.Debug|x64.Build.0 = Debug|x64
		{08E58512-AB6C-4DD3-B662-A6B0FCAC190B}.Debug|x86.ActiveCfg = Debug|Win32
		{08E58512-AB6C-4DD3-B662-A6B0FCAC190B}.Debug|x86.Build.0 = Debug|Win32
		{08E58512-AB6C-4DD3-B662-A6B0FCAC190B}.Release|x64.ActiveCfg = Release|x64
		{08E58512-AB6C-4DD3-B662-A6B0FCAC190B}.Release|x64.Build.0 = Release|x64
		{08E58512-AB6C-4DD3-B662-A6B0FCAC190B}.Release|x86.ActiveCfg = Release|Win32
		{08E58512-AB6C-4DD3-B662-A6B0FCAC190B}.Release|x86.Build.0 = Release|Win32
	EndGlobalSection
	GlobalSection(SolutionProperties) = preSolution
		HideSolutionNode = FALSE
	EndGlobalSection
	GlobalSection(ExtensibilityGlobals) = postSolution
		SolutionGuid = {7D1EAC79-0B02-436E-B902-B1446D123EB7}
	EndGlobalSection
EndGlobal
